
Microsoft Visual Studio Solution File, Format Version 12.00
# Visual Studio Version 17
VisualStudioVersion = 17.14.36930.0 d17.14
MinimumVisualStudioVersion = 10.0.40219.1
Project("{FAE04EC0-301F-11D3-BF4B-00C04F79EFBC}") = "Biblioteka.DAL", "Biblioteka.DAL\Biblioteka.DAL.csproj", "{87790A51-9296-45E1-9F4F-22C66AE0C482}"
EndProject
Project("{FAE04EC0-301F-11D3-BF4B-00C04F79EFBC}") = "Biblioteka.BLL", "Biblioteka.BLL\Biblioteka.BLL.csproj", "{8458C6FA-96D2-43B6-81F6-E1DEC8215F1D}"
EndProject
Project("{FAE04EC0-301F-11D3-BF4B-00C04F79EFBC}") = "Biblioteka.Web", "Biblioteka.Web\Biblioteka.Web.csproj", "{0C91A985-7079-443B-8B7C-E3938ED41FDD}"
EndProject
Global
	GlobalSection(SolutionConfigurationPlatforms) = preSolution
		Debug|Any CPU = Debug|Any CPU
		Release|Any CPU = Release|Any CPU
	EndGlobalSection
	GlobalSection(ProjectConfigurationPlatforms) = postSolution
		{87790A51-9296-45E1-9F4F-22C66AE0C482}.Debug|Any CPU.ActiveCfg = Debug|Any CPU
		{87790A51-9296-45E1-9F4F-22C66AE0C482}.Debug|Any CPU.Build.0 = Debug|Any CPU
		{87790A51-9296-45E1-9F4F-22C66AE0C482}.Release|Any CPU.ActiveCfg = Release|Any CPU
		{87790A51-9296-45E1-9F4F-22C66AE0C482}.Release|Any CPU.Build.0 = Release|Any CPU
		{8458C6FA-96D2-43B6-81F6-E1DEC8215F1D}.Debug|Any CPU.ActiveCfg = Debug|Any CPU
		{8458C6FA-96D2-43B6-81F6-E1DEC8215F1D}.Debug|Any CPU.Build.0 = Debug|Any CPU
		{8458C6FA-96D2-43B6-81F6-E1DEC8215F1D}.Release|Any CPU.ActiveCfg = Release|Any CPU
		{8458C6FA-96D2-43B6-81F6-E1DEC8215F1D}.Release|Any CPU.Build.0 = Release|Any CPU
		{0C91A985-7079-443B-8B7C-E3938ED41FDD}.Debug|Any CPU.ActiveCfg = Debug|Any CPU
		{0C91A985-7079-443B-8B7C-E3938ED41FDD}.Debug|Any CPU.Build.0 = Debug|Any CPU
		{0C91A985-7079-443B-8B7C-E3938ED41FDD}.Release|Any CPU.ActiveCfg = Release|Any CPU
		{0C91A985-7079-443B-8B7C-E3938ED41FDD}.Release|Any CPU.Build.0 = Release|Any CPU
	EndGlobalSection
	GlobalSection(SolutionProperties) = preSolution
		HideSolutionNode = FALSE
	EndGlobalSection
	GlobalSection(ExtensibilityGlobals) = postSolution
		SolutionGuid = {F0BEEFFA-910C-42CF-A982-5AB3484BBB53}
	EndGlobalSection
EndGlobal
